lockfileVersion: '6.0'

settings:
  autoInstallPeers: true
  excludeLinksFromLockfile: false

dependencies:
  filereader:
    specifier: ^0.10.3
    version: 0.10.3
  fs:
    specifier: 0.0.1-security
    version: 0.0.1-security

packages:

  /filereader@0.10.3:
    resolution: {integrity: sha512-7F8w6GSXuHLN80ukaVOcHgBaiTRHUZr8GeEhNdqfAECcnBoROg4i8hTl+KqtF4yUPffOJVHEFg4iDJb7xIYFng==}
    dev: false

  /fs@0.0.1-security:
    resolution: {integrity: sha512-3XY9e1pP0CVEUCdj5BmfIZxRBTSDycnbqhIOGec9QYtmVH2fbLpj86CFWkrNOkt/Fvty4KZG5lTglL9j/gJ87w==}
    dev: false
